github.com/DevCycleHQ/tunny v0.0.0-20230309215158-d5b09badb97e h1:NK7D4JronKhjwj7FVe2+Pfxqdg1G78DhDSW4HBbF5SY=
github.com/DevCycleHQ/tunny v0.0.0-20230309215158-d5b09badb97e/go.mod h1:jn9NqyRhew59FDdHD5sDnjSX6Z6aMd8RCDpMN66Yr8M=
github.com/bytecodealliance/wasmtime-go/v6 v6.0.0 h1:5mSXXSh0NomwPRZwQfT+bvfeev6O2USeR3L4GGdppLo=
github.com/bytecodealliance/wasmtime-go/v6 v6.0.0/go.mod h1:xM6n7uQzUKzcYXIou/DgW8aYDhSIq63Vzpl65n+BVeQ=
github.com/cheekybits/is v0.0.0-20150225183255-68e9c0620927 h1:SKI1/fuSdodxmNNyVBR8d7X/HuLnRpvvFO0AgyQk764=
github.com/cheekybits/is v0.0.0-20150225183255-68e9c0620927/go.mod h1:h/aW8ynjgkuj+NQRlZcDbAbM1ORAbXjXX77sX7T289U=
github.com/davecgh/go-spew v1.1.1 h1:vj9j/u1bqnvCEfJOwUhtlOARqs3+rkHYY13jYWTU97c=
github.com/golang/protobuf v1.5.0/go.mod h1:FsONVRAS9T7sI+LIUmWTfcYkHO4aIWwzhcaSAoJOfIk=
github.com/google/go-cmp v0.5.5 h1:Khx7svrCpmxxtHBq5j2mp/xVjsi8hQMfNLvJFAlrGgU=
github.com/google/go-cmp v0.5.5/go.mod h1:v8dTdLbMG2kIc/vJvl+f65V22dbkXbowE6jgT/gNBxE=
github.com/jarcoal/httpmock v1.2.0 h1:gSvTxxFR/MEMfsGrvRbdfpRUMBStovlSRLw0Ep1bwwc=
github.com/jarcoal/httpmock v1.2.0/go.mod h1:oCoTsnAz4+UoOUIf5lJOWV2QQIW5UoeUI6aM2YnWAZk=
github.com/matryer/try v0.0.0-20161228173917-9ac251b645a2 h1:JAEbJn3j/FrhdWA9jW8B5ajsLIjeuEHLi8xE4fk997o=
github.com/matryer/try v0.0.0-20161228173917-9ac251b645a2/go.mod h1:0KeJpeMD6o+O4hW7qJOT7vyQPKrWmj26uf5wMc/IiIs=
github.com/maxatome/go-testdeep v1.11.0 h1:Tgh5efyCYyJFGUYiT0qxBSIDeXw0F5zSoatlou685kk=
github.com/pmezard/go-difflib v1.0.0 h1:4DBwDE0NGyQoBHbLQYPwSUPoCMWR5BEzIk/f1lZbAQM=
github.com/stretchr/testify v1.8.0 h1:pSgiaMZlXftHpm5L7V1+rVB+AZJydKsMxsQBIJw4PKk=
golang.org/x/xerrors v0.0.0-20191204190536-9bdfabe68543 h1:E7g+9GITq07hpfrRu66IVDexMakfv52eLZ2CXBWiKr4=
golang.org/x/xerrors v0.0.0-20191204190536-9bdfabe68543/go.mod h1:I/5z698sn9Ka8TeJc9MKroUUfqBBauWjQqLJ2OPfmY0=
google.golang.org/protobuf v1.26.0-rc.1/go.mod h1:jlhhOSvTdKEhbULTjvd4ARK9grFBp09yW+WbY/TyQbw=
google.golang.org/protobuf v1.29.0 h1:44S3JjaKmLEE4YIkjzexaP+NzZsudE3Zin5Njn/pYX0=
google.golang.org/protobuf v1.29.0/go.mod h1:HV8QOd/L58Z+nl8r43ehVNZIU/HEI6OcFqwMG9pJV4I=
gopkg.in/yaml.v3 v3.0.1 h1:fxVm/GzAzEWqLHuvctI91KS9hhNmmWOoWu0XTYJS7CA=
